
Microsoft Visual Studio Solution File, Format Version 12.00
# Visual Studio Version 16
VisualStudioVersion = 16.0.31729.503
MinimumVisualStudioVersion = 10.0.40219.1
Project("{FAE04EC0-301F-11D3-BF4B-00C04F79EFBC}") = "My first WinForms app", "My first WinForms app\My first WinForms app.csproj", "{EBD04F83-84CB-445C-885E-DDA5E4D20A5D}"
EndProject
Global
	GlobalSection(SolutionConfigurationPlatforms) = preSolution
		Debug|Any CPU = Debug|Any CPU
		Release|Any CPU = Release|Any CPU
	EndGlobalSection
	GlobalSection(ProjectConfigurationPlatforms) = postSolution
		{EBD04F83-84CB-445C-885E-DDA5E4D20A5D}.Debug|Any CPU.ActiveCfg = Debug|Any CPU
		{EBD04F83-84CB-445C-885E-DDA5E4D20A5D}.Debug|Any CPU.Build.0 = Debug|Any CPU
		{EBD04F83-84CB-445C-885E-DDA5E4D20A5D}.Release|Any CPU.ActiveCfg = Release|Any CPU
		{EBD04F83-84CB-445C-885E-DDA5E4D20A5D}.Release|Any CPU.Build.0 = Release|Any CPU
	EndGlobalSection
	GlobalSection(SolutionProperties) = preSolution
		HideSolutionNode = FALSE
	EndGlobalSection
	GlobalSection(ExtensibilityGlobals) = postSolution
		SolutionGuid = {038FC296-9C38-4892-8FAA-FA859DFD605D}
	EndGlobalSection
EndGlobal
